PODS:
  - boost-for-react-native (1.63.0)
  - BVLinearGradient (2.4.0):
    - React
  - DoubleConversion (1.1.5)
  - Folly (2016.10.31.00):
    - boost-for-react-native
    - DoubleConversion
    - glog
  - glog (0.3.4)
  - KSCrash/Core (1.15.18):
    - KSCrash/Reporting/Filters/Basic
  - KSCrash/Recording (1.15.18):
    - KSCrash/Recording/Tools (= 1.15.18)
  - KSCrash/Recording/Tools (1.15.18)
  - KSCrash/Reporting/Filters/Base (1.15.18):
    - KSCrash/Recording
  - KSCrash/Reporting/Filters/Basic (1.15.18):
    - KSCrash/Recording
    - KSCrash/Reporting/Filters/Base
  - RadarSDK (1.3.12)
  - RCTRestart (0.0.6):
    - React
  - React (0.56.0):
    - React/Core (= 0.56.0)
  - React/Core (0.56.0):
    - yoga (= 0.56.0.React)
  - React/CxxBridge (0.56.0):
    - Folly (= 2016.10.31.00)
    - React/Core
    - React/cxxreact
  - React/cxxreact (0.56.0):
    - boost-for-react-native (= 1.63.0)
    - Folly (= 2016.10.31.00)
    - React/jschelpers
    - React/jsinspector
  - React/DevSupport (0.56.0):
    - React/Core
    - React/RCTWebSocket
  - React/fishhook (0.56.0)
  - React/jschelpers (0.56.0):
    - Folly (= 2016.10.31.00)
    - React/PrivateDatabase
  - React/jsinspector (0.56.0)
  - React/PrivateDatabase (0.56.0)
  - React/RCTActionSheet (0.56.0):
    - React/Core
  - React/RCTAnimation (0.56.0):
    - React/Core
  - React/RCTBlob (0.56.0):
    - React/Core
  - React/RCTCameraRoll (0.56.0):
    - React/Core
    - React/RCTImage
  - React/RCTGeolocation (0.56.0):
    - React/Core
  - React/RCTImage (0.56.0):
    - React/Core
    - React/RCTNetwork
  - React/RCTLinkingIOS (0.56.0):
    - React/Core
  - React/RCTNetwork (0.56.0):
    - React/Core
  - React/RCTPushNotification (0.56.0):
    - React/Core
  - React/RCTSettings (0.56.0):
    - React/Core
  - React/RCTText (0.56.0):
    - React/Core
  - React/RCTVibration (0.56.0):
    - React/Core
  - React/RCTWebSocket (0.56.0):
    - React/Core
    - React/fishhook
    - React/RCTBlob
  - ReactNativeExceptionHandler (2.3.0):
    - React
  - RNFS (2.9.12):
    - React
  - RNVectorIcons (4.5.0):
    - React
  - Sentry (3.12.4):
    - Sentry/Core (= 3.12.4)
    - Sentry/KSCrash (= 3.12.4)
  - Sentry/Core (3.12.4)
  - Sentry/KSCrash (3.12.4):
    - KSCrash/Core (~> 1.15.12)
  - SentryReactNative (0.38.3):
    - React
    - Sentry (~> 3.12.4)
    - Sentry/KSCrash (~> 3.12.4)
  - yoga (0.56.0.React)

DEPENDENCIES:
  - BVLinearGradient (from `../node_modules/react-native-linear-gradient`)
  - DoubleConversion (from `../node_modules/react-native/third-party-podspecs/DoubleConversion.podspec`)
  - Folly (from `../node_modules/react-native/third-party-podspecs/Folly.podspec`)
  - glog (from `../node_modules/react-native/third-party-podspecs/glog.podspec`)
  - RadarSDK (~> 1.3.0)
  - RCTRestart (from `../node_modules/react-native-restart/ios`)
  - React/Core (from `../node_modules/react-native`)
  - React/CxxBridge (from `../node_modules/react-native`)
  - React/DevSupport (from `../node_modules/react-native`)
  - React/RCTActionSheet (from `../node_modules/react-native`)
  - React/RCTAnimation (from `../node_modules/react-native`)
  - React/RCTCameraRoll (from `../node_modules/react-native`)
  - React/RCTGeolocation (from `../node_modules/react-native`)
  - React/RCTImage (from `../node_modules/react-native`)
  - React/RCTLinkingIOS (from `../node_modules/react-native`)
  - React/RCTPushNotification (from `../node_modules/react-native`)
  - React/RCTSettings (from `../node_modules/react-native`)
  - React/RCTText (from `../node_modules/react-native`)
  - React/RCTVibration (from `../node_modules/react-native`)
  - React/RCTWebSocket (from `../node_modules/react-native`)
  - ReactNativeExceptionHandler (from `../node_modules/react-native-exception-handler/ios/ReactNativeExceptionHandler.podspec`)
  - RNFS (from `../node_modules/react-native-fs`)
  - RNVectorIcons (from `../node_modules/react-native-vector-icons`)
  - SentryReactNative (from `../node_modules/react-native-sentry/SentryReactNative.podspec`)
  - yoga (from `../node_modules/react-native/ReactCommon/yoga`)

EXTERNAL SOURCES:
  BVLinearGradient:
    :path: ../node_modules/react-native-linear-gradient
  DoubleConversion:
    :podspec: ../node_modules/react-native/third-party-podspecs/DoubleConversion.podspec
  Folly:
    :podspec: ../node_modules/react-native/third-party-podspecs/Folly.podspec
  glog:
    :podspec: ../node_modules/react-native/third-party-podspecs/glog.podspec
  RCTRestart:
    :path: ../node_modules/react-native-restart/ios
  React:
    :path: ../node_modules/react-native
  ReactNativeExceptionHandler:
    :path: ../node_modules/react-native-exception-handler/ios/ReactNativeExceptionHandler.podspec
  RNFS:
    :path: ../node_modules/react-native-fs
  RNVectorIcons:
    :path: ../node_modules/react-native-vector-icons
  SentryReactNative:
    :path: ../node_modules/react-native-sentry/SentryReactNative.podspec
  yoga:
    :path: ../node_modules/react-native/ReactCommon/yoga

SPEC CHECKSUMS:
  boost-for-react-native: 39c7adb57c4e60d6c5479dd8623128eb5b3f0f2c
  BVLinearGradient: 4b3f3bdf1ac1a52a5ef5e65c9585d793a7c3f825
  DoubleConversion: a9706f16e388b53ff12cca34473428ee29746a26
  Folly: c89ac2d5c6ab169cd7397ef27485c44f35f742c7
  glog: b3b0330915eccea41c5cc9731a77cf564a9be5ea
  KSCrash: 5394936f41e5c1ef7b79cf79b30d53299b0c160e
  RadarSDK: e73cfee062b9ab25ce540a42e2556a98cdc0276f
  RCTRestart: 2f9ddcfd9abb887f123b6580cec64d72fb6cccaa
  React: 1fe0eb13d90b625d94c3b117c274dcfd2e760e11
  ReactNativeExceptionHandler: 920172780c35c4899c84dc7e216e2152a21c3760
  RNFS: bbb1a64eb245763daf34aea86f97c97c4e85f74c
  RNVectorIcons: c0dbfbf6068fefa240c37b0f71bd03b45dddac44
  Sentry: 7d3ea7176e5184e9c35c12a5825905345807e8c1
  SentryReactNative: 787a08161d641dde91dd36d4c8e76f9b0ba4fc84
  yoga: b1ce48b6cf950b98deae82838f5173ea7cf89e85

PODFILE CHECKSUM: 997024acedbc0a5ad9eff03c0cda0162441ee5bf

COCOAPODS: 1.4.0
